
Microsoft Visual Studio Solution File, Format Version 12.00
# Visual Studio Version 17
VisualStudioVersion = 17.5.002.0
MinimumVisualStudioVersion = 10.0.40219.1
Project("{9A19103F-16F7-4668-BE54-9A1E7A4F7556}") = "LibraryManagementSystem", "LibraryManagementSystem.csproj", "{DB06B877-9696-4B33-80BB-5108FB437BE7}"
EndProject
Global
	GlobalSection(SolutionConfigurationPlatforms) = preSolution
		Debug|Any CPU = Debug|Any CPU
		Release|Any CPU = Release|Any CPU
	EndGlobalSection
	GlobalSection(ProjectConfigurationPlatforms) = postSolution
		{DB06B877-9696-4B33-80BB-5108FB437BE7}.Debug|Any CPU.ActiveCfg = Debug|Any CPU
		{DB06B877-9696-4B33-80BB-5108FB437BE7}.Debug|Any CPU.Build.0 = Debug|Any CPU
		{DB06B877-9696-4B33-80BB-5108FB437BE7}.Release|Any CPU.ActiveCfg = Release|Any CPU
		{DB06B877-9696-4B33-80BB-5108FB437BE7}.Release|Any CPU.Build.0 = Release|Any CPU
	EndGlobalSection
	GlobalSection(SolutionProperties) = preSolution
		HideSolutionNode = FALSE
	EndGlobalSection
	GlobalSection(ExtensibilityGlobals) = postSolution
		SolutionGuid = {69E1036B-6BF3-4AEA-BA42-1A463DFA7CFC}
	EndGlobalSection
EndGlobal
